
Microsoft Visual Studio Solution File, Format Version 12.00
# Visual Studio 2012
Project("{FAE04EC0-301F-11D3-BF4B-00C04F79EFBC}") = "PeerBitAutomater", "PeerBitAutomater\PeerBitAutomater.csproj", "{14BAE182-FBD1-4132-84F8-FEBE4E13D31E}"
EndProject
Global
	GlobalSection(SolutionConfigurationPlatforms) = preSolution
		Debug|Any CPU = Debug|Any CPU
		Release|Any CPU = Release|Any CPU
	EndGlobalSection
	GlobalSection(ProjectConfigurationPlatforms) = postSolution
		{14BAE182-FBD1-4132-84F8-FEBE4E13D31E}.Debug|Any CPU.ActiveCfg = Debug|Any CPU
		{14BAE182-FBD1-4132-84F8-FEBE4E13D31E}.Debug|Any CPU.Build.0 = Debug|Any CPU
		{14BAE182-FBD1-4132-84F8-FEBE4E13D31E}.Release|Any CPU.ActiveCfg = Release|Any CPU
		{14BAE182-FBD1-4132-84F8-FEBE4E13D31E}.Release|Any CPU.Build.0 = Release|Any CPU
	EndGlobalSection
	GlobalSection(SolutionProperties) = preSolution
		HideSolutionNode = FALSE
	EndGlobalSection
EndGlobal
